
Microsoft Visual Studio Solution File, Format Version 12.00
# Visual Studio 15
VisualStudioVersion = 15.0.28307.779
MinimumVisualStudioVersion = 10.0.40219.1
Project("{FAE04EC0-301F-11D3-BF4B-00C04F79EFBC}") = "DotNetCoders", "DotNetCoders\DotNetCoders.csproj", "{FC92FD82-153F-4B52-B87E-B8AC76D693C7}"
EndProject
Project("{FAE04EC0-301F-11D3-BF4B-00C04F79EFBC}") = "DotNetCoders.Model", "DotNetCoders.Model\DotNetCoders.Model.csproj", "{7DCE63D2-3FDB-452D-983D-23D339962736}"
EndProject
Project("{FAE04EC0-301F-11D3-BF4B-00C04F79EFBC}") = "DotNetCoders.Manager", "DotNetCoders.Manager\DotNetCoders.Manager.csproj", "{EB1BA5E9-7BF7-456D-B2B7-514DDCD5B415}"
EndProject
Project("{FAE04EC0-301F-11D3-BF4B-00C04F79EFBC}") = "DotNetCoders.DatabaseContext", "DotNetCoders.DatabaseContext\DotNetCoders.DatabaseContext.csproj", "{84475337-A5D7-4FC1-8A3B-93A467EC4173}"
EndProject
Project("{FAE04EC0-301F-11D3-BF4B-00C04F79EFBC}") = "DotNetCoders.Repository", "DotNetCoders.Repository\DotNetCoders.Repository.csproj", "{F913BAD5-D3C5-49E1-B0D8-E4F24A026E9A}"
EndProject
Global
	GlobalSection(SolutionConfigurationPlatforms) = preSolution
		Debug|Any CPU = Debug|Any CPU
		Release|Any CPU = Release|Any CPU
	EndGlobalSection
	GlobalSection(ProjectConfigurationPlatforms) = postSolution
		{FC92FD82-153F-4B52-B87E-B8AC76D693C7}.Debug|Any CPU.ActiveCfg = Debug|Any CPU
		{FC92FD82-153F-4B52-B87E-B8AC76D693C7}.Debug|Any CPU.Build.0 = Debug|Any CPU
		{FC92FD82-153F-4B52-B87E-B8AC76D693C7}.Release|Any CPU.ActiveCfg = Release|Any CPU
		{FC92FD82-153F-4B52-B87E-B8AC76D693C7}.Release|Any CPU.Build.0 = Release|Any CPU
		{7DCE63D2-3FDB-452D-983D-23D339962736}.Debug|Any CPU.ActiveCfg = Debug|Any CPU
		{7DCE63D2-3FDB-452D-983D-23D339962736}.Debug|Any CPU.Build.0 = Debug|Any CPU
		{7DCE63D2-3FDB-452D-983D-23D339962736}.Release|Any CPU.ActiveCfg = Release|Any CPU
		{7DCE63D2-3FDB-452D-983D-23D339962736}.Release|Any CPU.Build.0 = Release|Any CPU
		{EB1BA5E9-7BF7-456D-B2B7-514DDCD5B415}.Debug|Any CPU.ActiveCfg = Debug|Any CPU
		{EB1BA5E9-7BF7-456D-B2B7-514DDCD5B415}.Debug|Any CPU.Build.0 = Debug|Any CPU
		{EB1BA5E9-7BF7-456D-B2B7-514DDCD5B415}.Release|Any CPU.ActiveCfg = Release|Any CPU
		{EB1BA5E9-7BF7-456D-B2B7-514DDCD5B415}.Release|Any CPU.Build.0 = Release|Any CPU
		{84475337-A5D7-4FC1-8A3B-93A467EC4173}.Debug|Any CPU.ActiveCfg = Debug|Any CPU
		{84475337-A5D7-4FC1-8A3B-93A467EC4173}.Debug|Any CPU.Build.0 = Debug|Any CPU
		{84475337-A5D7-4FC1-8A3B-93A467EC4173}.Release|Any CPU.ActiveCfg = Release|Any CPU
		{84475337-A5D7-4FC1-8A3B-93A467EC4173}.Release|Any CPU.Build.0 = Release|Any CPU
		{F913BAD5-D3C5-49E1-B0D8-E4F24A026E9A}.Debug|Any CPU.ActiveCfg = Debug|Any CPU
		{F913BAD5-D3C5-49E1-B0D8-E4F24A026E9A}.Debug|Any CPU.Build.0 = Debug|Any CPU
		{F913BAD5-D3C5-49E1-B0D8-E4F24A026E9A}.Release|Any CPU.ActiveCfg = Release|Any CPU
		{F913BAD5-D3C5-49E1-B0D8-E4F24A026E9A}.Release|Any CPU.Build.0 = Release|Any CPU
	EndGlobalSection
	GlobalSection(SolutionProperties) = preSolution
		HideSolutionNode = FALSE
	EndGlobalSection
	GlobalSection(ExtensibilityGlobals) = postSolution
		SolutionGuid = {0CD8A5F1-9C8C-4E75-AA90-FF23F8CBD1F2}
	EndGlobalSection
EndGlobal
